// !$*UTF8*$!
{
	archiveVersion = 1;
	classes = {
	};
	objectVersion = 51;
	objects = {

/* Begin PBXBuildFile section */
		8DD3CC27A8485AD6E2DE363E /* Pods_NoteTests.framework in Frameworks */ = {isa = PBXBuildFile; fileRef = F92FFC88CA2B864C7A77348A /* Pods_NoteTests.framework */; };
		956EB7C698EC872487E681AD /* Pods_Note.framework in Frameworks */ = {isa = PBXBuildFile; fileRef = 07A966EFC5856D170907139E /* Pods_Note.framework */; };
		C0586F4AEE353244B5D3C1A5 /* Pods_NoteUITests.framework in Frameworks */ = {isa = PBXBuildFile; fileRef = C36D770BCCC270E435645DB9 /* Pods_NoteUITests.framework */; };
		F3BEE8CE22C12ECF00286D3E /* AppDelegate.swift in Sources */ = {isa = PBXBuildFile; fileRef = F3BEE8CD22C12ECF00286D3E /* AppDelegate.swift */; };
		F3BEE8D022C12ECF00286D3E /* ViewController.swift in Sources */ = {isa = PBXBuildFile; fileRef = F3BEE8CF22C12ECF00286D3E /* ViewController.swift */; };
		F3BEE8D322C12ECF00286D3E /* Main.storyboard in Resources */ = {isa = PBXBuildFile; fileRef = F3BEE8D122C12ECF00286D3E /* Main.storyboard */; };
		F3BEE8D522C12ED100286D3E /* Assets.xcassets in Resources */ = {isa = PBXBuildFile; fileRef = F3BEE8D422C12ED100286D3E /* Assets.xcassets */; };
		F3BEE8D822C12ED100286D3E /* LaunchScreen.storyboard in Resources */ = {isa = PBXBuildFile; fileRef = F3BEE8D622C12ED100286D3E /* LaunchScreen.storyboard */; };
		F3BEE8E322C12ED100286D3E /* NoteTests.swift in Sources */ = {isa = PBXBuildFile; fileRef = F3BEE8E222C12ED100286D3E /* NoteTests.swift */; };
		F3BEE8EE22C12ED100286D3E /* NoteUITests.swift in Sources */ = {isa = PBXBuildFile; fileRef = F3BEE8ED22C12ED100286D3E /* NoteUITests.swift */; };
		F3BEE8FF22C12EFC00286D3E /* Note.swift in Sources */ = {isa = PBXBuildFile; fileRef = F3BEE8FC22C12EFC00286D3E /* Note.swift */; };
		F3BEE90022C12EFC00286D3E /* NoteExtensions.swift in Sources */ = {isa = PBXBuildFile; fileRef = F3BEE8FD22C12EFC00286D3E /* NoteExtensions.swift */; };
		F3BEE90122C12EFC00286D3E /* FileNotebook.swift in Sources */ = {isa = PBXBuildFile; fileRef = F3BEE8FE22C12EFC00286D3E /* FileNotebook.swift */; };
/* End PBXBuildFile section */

/* Begin PBXContainerItemProxy section */
		F3BEE8DF22C12ED100286D3E /* PBXContainerItemProxy */ = {
			isa = PBXContainerItemProxy;
			containerPortal = F3BEE8C222C12ECF00286D3E /* Project object */;
			proxyType = 1;
			remoteGlobalIDString = F3BEE8C922C12ECF00286D3E;
			remoteInfo = Note;
		};
		F3BEE8EA22C12ED100286D3E /* PBXContainerItemProxy */ = {
			isa = PBXContainerItemProxy;
			containerPortal = F3BEE8C222C12ECF00286D3E /* Project object */;
			proxyType = 1;
			remoteGlobalIDString = F3BEE8C922C12ECF00286D3E;
			remoteInfo = Note;
		};
/* End PBXContainerItemProxy section */

/* Begin PBXFileReference section */
		07A966EFC5856D170907139E /* Pods_Note.framework */ = {isa = PBXFileReference; explicitFileType = wrapper.framework; includeInIndex = 0; path = Pods_Note.framework; sourceTree = BUILT_PRODUCTS_DIR; };
		40AF1E4DCE3EC4327C44224C /* Pods-NoteTests.debug.xcconfig */ = {isa = PBXFileReference; includeInIndex = 1; lastKnownFileType = text.xcconfig; name = "Pods-NoteTests.debug.xcconfig"; path = "Target Support Files/Pods-NoteTests/Pods-NoteTests.debug.xcconfig"; sourceTree = "<group>"; };
		9660C3FCA4B4046D4B1B4017 /* Pods-NoteTests.release.xcconfig */ = {isa = PBXFileReference; includeInIndex = 1; lastKnownFileType = text.xcconfig; name = "Pods-NoteTests.release.xcconfig"; path = "Target Support Files/Pods-NoteTests/Pods-NoteTests.release.xcconfig"; sourceTree = "<group>"; };
		B325F9EA4858D82FB25285F7 /* Pods-NoteUITests.release.xcconfig */ = {isa = PBXFileReference; includeInIndex = 1; lastKnownFileType = text.xcconfig; name = "Pods-NoteUITests.release.xcconfig"; path = "Target Support Files/Pods-NoteUITests/Pods-NoteUITests.release.xcconfig"; sourceTree = "<group>"; };
		C36D770BCCC270E435645DB9 /* Pods_NoteUITests.framework */ = {isa = PBXFileReference; explicitFileType = wrapper.framework; includeInIndex = 0; path = Pods_NoteUITests.framework; sourceTree = BUILT_PRODUCTS_DIR; };
		CD6FAA36C521DC5DB0414EF8 /* Pods-Note.release.xcconfig */ = {isa = PBXFileReference; includeInIndex = 1; lastKnownFileType = text.xcconfig; name = "Pods-Note.release.xcconfig"; path = "Target Support Files/Pods-Note/Pods-Note.release.xcconfig"; sourceTree = "<group>"; };
		DDA1FE7F89CED5C0BA3B5D2C /* Pods-NoteUITests.debug.xcconfig */ = {isa = PBXFileReference; includeInIndex = 1; lastKnownFileType = text.xcconfig; name = "Pods-NoteUITests.debug.xcconfig"; path = "Target Support Files/Pods-NoteUITests/Pods-NoteUITests.debug.xcconfig"; sourceTree = "<group>"; };
		E25ED3EA8964A9ED415A00CE /* Pods-Note.debug.xcconfig */ = {isa = PBXFileReference; includeInIndex = 1; lastKnownFileType = text.xcconfig; name = "Pods-Note.debug.xcconfig"; path = "Target Support Files/Pods-Note/Pods-Note.debug.xcconfig"; sourceTree = "<group>"; };
		F3BEE8CA22C12ECF00286D3E /* Note.app */ = {isa = PBXFileReference; explicitFileType = wrapper.application; includeInIndex = 0; path = Note.app; sourceTree = BUILT_PRODUCTS_DIR; };
		F3BEE8CD22C12ECF00286D3E /* AppDelegate.swift */ = {isa = PBXFileReference; lastKnownFileType = sourcecode.swift; path = AppDelegate.swift; sourceTree = "<group>"; };
		F3BEE8CF22C12ECF00286D3E /* ViewController.swift */ = {isa = PBXFileReference; lastKnownFileType = sourcecode.swift; path = ViewController.swift; sourceTree = "<group>"; };
		F3BEE8D222C12ECF00286D3E /* Base */ = {isa = PBXFileReference; lastKnownFileType = file.storyboard; name = Base; path = Base.lproj/Main.storyboard; sourceTree = "<group>"; };
		F3BEE8D422C12ED100286D3E /* Assets.xcassets */ = {isa = PBXFileReference; lastKnownFileType = folder.assetcatalog; path = Assets.xcassets; sourceTree = "<group>"; };
		F3BEE8D722C12ED100286D3E /* Base */ = {isa = PBXFileReference; lastKnownFileType = file.storyboard; name = Base; path = Base.lproj/LaunchScreen.storyboard; sourceTree = "<group>"; };
		F3BEE8D922C12ED100286D3E /* Info.plist */ = {isa = PBXFileReference; lastKnownFileType = text.plist.xml; path = Info.plist; sourceTree = "<group>"; };
		F3BEE8DE22C12ED100286D3E /* NoteTests.xctest */ = {isa = PBXFileReference; explicitFileType = wrapper.cfbundle; includeInIndex = 0; path = NoteTests.xctest; sourceTree = BUILT_PRODUCTS_DIR; };
		F3BEE8E222C12ED100286D3E /* NoteTests.swift */ = {isa = PBXFileReference; lastKnownFileType = sourcecode.swift; path = NoteTests.swift; sourceTree = "<group>"; };
		F3BEE8E422C12ED100286D3E /* Info.plist */ = {isa = PBXFileReference; lastKnownFileType = text.plist.xml; path = Info.plist; sourceTree = "<group>"; };
		F3BEE8E922C12ED100286D3E /* NoteUITests.xctest */ = {isa = PBXFileReference; explicitFileType = wrapper.cfbundle; includeInIndex = 0; path = NoteUITests.xctest; sourceTree = BUILT_PRODUCTS_DIR; };
		F3BEE8ED22C12ED100286D3E /* NoteUITests.swift */ = {isa = PBXFileReference; lastKnownFileType = sourcecode.swift; path = NoteUITests.swift; sourceTree = "<group>"; };
		F3BEE8EF22C12ED100286D3E /* Info.plist */ = {isa = PBXFileReference; lastKnownFileType = text.plist.xml; path = Info.plist; sourceTree = "<group>"; };
		F3BEE8FC22C12EFC00286D3E /* Note.swift */ = {isa = PBXFileReference; fileEncoding = 4; lastKnownFileType = sourcecode.swift; path = Note.swift; sourceTree = "<group>"; };
		F3BEE8FD22C12EFC00286D3E /* NoteExtensions.swift */ = {isa = PBXFileReference; fileEncoding = 4; lastKnownFileType = sourcecode.swift; path = NoteExtensions.swift; sourceTree = "<group>"; };
		F3BEE8FE22C12EFC00286D3E /* FileNotebook.swift */ = {isa = PBXFileReference; fileEncoding = 4; lastKnownFileType = sourcecode.swift; path = FileNotebook.swift; sourceTree = "<group>"; };
		F92FFC88CA2B864C7A77348A /* Pods_NoteTests.framework */ = {isa = PBXFileReference; explicitFileType = wrapper.framework; includeInIndex = 0; path = Pods_NoteTests.framework; sourceTree = BUILT_PRODUCTS_DIR; };
/* End PBXFileReference section */

/* Begin PBXFrameworksBuildPhase section */
		F3BEE8C722C12ECF00286D3E /* Frameworks */ = {
			isa = PBXFrameworksBuildPhase;
			buildActionMask = 2147483647;
			files = (
				956EB7C698EC872487E681AD /* Pods_Note.framework in Frameworks */,
			);
			runOnlyForDeploymentPostprocessing = 0;
		};
		F3BEE8DB22C12ED100286D3E /* Frameworks */ = {
			isa = PBXFrameworksBuildPhase;
			buildActionMask = 2147483647;
			files = (
				8DD3CC27A8485AD6E2DE363E /* Pods_NoteTests.framework in Frameworks */,
			);
			runOnlyForDeploymentPostprocessing = 0;
		};
		F3BEE8E622C12ED100286D3E /* Frameworks */ = {
			isa = PBXFrameworksBuildPhase;
			buildActionMask = 2147483647;
			files = (
				C0586F4AEE353244B5D3C1A5 /* Pods_NoteUITests.framework in Frameworks */,
			);
			runOnlyForDeploymentPostprocessing = 0;
		};
/* End PBXFrameworksBuildPhase section */

/* Begin PBXGroup section */
		83444C41550CC10BFD2413D1 /* Pods */ = {
			isa = PBXGroup;
			children = (
				E25ED3EA8964A9ED415A00CE /* Pods-Note.debug.xcconfig */,
				CD6FAA36C521DC5DB0414EF8 /* Pods-Note.release.xcconfig */,
				40AF1E4DCE3EC4327C44224C /* Pods-NoteTests.debug.xcconfig */,
				9660C3FCA4B4046D4B1B4017 /* Pods-NoteTests.release.xcconfig */,
				DDA1FE7F89CED5C0BA3B5D2C /* Pods-NoteUITests.debug.xcconfig */,
				B325F9EA4858D82FB25285F7 /* Pods-NoteUITests.release.xcconfig */,
			);
			path = Pods;
			sourceTree = "<group>";
		};
		AC48916693E9C59E5E039A51 /* Frameworks */ = {
			isa = PBXGroup;
			children = (
				07A966EFC5856D170907139E /* Pods_Note.framework */,
				F92FFC88CA2B864C7A77348A /* Pods_NoteTests.framework */,
				C36D770BCCC270E435645DB9 /* Pods_NoteUITests.framework */,
			);
			name = Frameworks;
			sourceTree = "<group>";
		};
		F3BEE8C122C12ECF00286D3E = {
			isa = PBXGroup;
			children = (
				F3BEE8CC22C12ECF00286D3E /* Note */,
				F3BEE8E122C12ED100286D3E /* NoteTests */,
				F3BEE8EC22C12ED100286D3E /* NoteUITests */,
				F3BEE8CB22C12ECF00286D3E /* Products */,
				83444C41550CC10BFD2413D1 /* Pods */,
				AC48916693E9C59E5E039A51 /* Frameworks */,
			);
			sourceTree = "<group>";
		};
		F3BEE8CB22C12ECF00286D3E /* Products */ = {
			isa = PBXGroup;
			children = (
				F3BEE8CA22C12ECF00286D3E /* Note.app */,
				F3BEE8DE22C12ED100286D3E /* NoteTests.xctest */,
				F3BEE8E922C12ED100286D3E /* NoteUITests.xctest */,
			);
			name = Products;
			sourceTree = "<group>";
		};
		F3BEE8CC22C12ECF00286D3E /* Note */ = {
			isa = PBXGroup;
			children = (
				F3BEE8FB22C12EDB00286D3E /* Models */,
				F3BEE8CD22C12ECF00286D3E /* AppDelegate.swift */,
				F3BEE8CF22C12ECF00286D3E /* ViewController.swift */,
				F3BEE8D122C12ECF00286D3E /* Main.storyboard */,
				F3BEE8D422C12ED100286D3E /* Assets.xcassets */,
				F3BEE8D622C12ED100286D3E /* LaunchScreen.storyboard */,
				F3BEE8D922C12ED100286D3E /* Info.plist */,
			);
			path = Note;
			sourceTree = "<group>";
		};
		F3BEE8E122C12ED100286D3E /* NoteTests */ = {
			isa = PBXGroup;
			children = (
				F3BEE8E222C12ED100286D3E /* NoteTests.swift */,
				F3BEE8E422C12ED100286D3E /* Info.plist */,
			);
			path = NoteTests;
			sourceTree = "<group>";
		};
		F3BEE8EC22C12ED100286D3E /* NoteUITests */ = {
			isa = PBXGroup;
			children = (
				F3BEE8ED22C12ED100286D3E /* NoteUITests.swift */,
				F3BEE8EF22C12ED100286D3E /* Info.plist */,
			);
			path = NoteUITests;
			sourceTree = "<group>";
		};
		F3BEE8FB22C12EDB00286D3E /* Models */ = {
			isa = PBXGroup;
			children = (
				F3BEE8FE22C12EFC00286D3E /* FileNotebook.swift */,
				F3BEE8FC22C12EFC00286D3E /* Note.swift */,
				F3BEE8FD22C12EFC00286D3E /* NoteExtensions.swift */,
			);
			path = Models;
			sourceTree = "<group>";
		};
/* End PBXGroup section */

/* Begin PBXNativeTarget section */
		F3BEE8C922C12ECF00286D3E /* Note */ = {
			isa = PBXNativeTarget;
			buildConfigurationList = F3BEE8F222C12ED100286D3E /* Build configuration list for PBXNativeTarget "Note" */;
			buildPhases = (
				D67E1B3EAFD06EFE97491E56 /* [CP] Check Pods Manifest.lock */,
				F3BEE8C622C12ECF00286D3E /* Sources */,
				F3BEE8C722C12ECF00286D3E /* Frameworks */,
				F3BEE8C822C12ECF00286D3E /* Resources */,
				7D4B4B40F58B700CFBD76D40 /* [CP] Embed Pods Frameworks */,
			);
			buildRules = (
			);
			dependencies = (
			);
			name = Note;
			productName = Note;
			productReference = F3BEE8CA22C12ECF00286D3E /* Note.app */;
			productType = "com.apple.product-type.application";
		};
		F3BEE8DD22C12ED100286D3E /* NoteTests */ = {
			isa = PBXNativeTarget;
			buildConfigurationList = F3BEE8F522C12ED100286D3E /* Build configuration list for PBXNativeTarget "NoteTests" */;
			buildPhases = (
				03414B74122E2E7F369F68B2 /* [CP] Check Pods Manifest.lock */,
				F3BEE8DA22C12ED100286D3E /* Sources */,
				F3BEE8DB22C12ED100286D3E /* Frameworks */,
				F3BEE8DC22C12ED100286D3E /* Resources */,
			);
			buildRules = (
			);
			dependencies = (
				F3BEE8E022C12ED100286D3E /* PBXTargetDependency */,
			);
			name = NoteTests;
			productName = NoteTests;
			productReference = F3BEE8DE22C12ED100286D3E /* NoteTests.xctest */;
			productType = "com.apple.product-type.bundle.unit-test";
		};
		F3BEE8E822C12ED100286D3E /* NoteUITests */ = {
			isa = PBXNativeTarget;
			buildConfigurationList = F3BEE8F822C12ED100286D3E /* Build configuration list for PBXNativeTarget "NoteUITests" */;
			buildPhases = (
				9CB919A1419AD50985514051 /* [CP] Check Pods Manifest.lock */,
				F3BEE8E522C12ED100286D3E /* Sources */,
				F3BEE8E622C12ED100286D3E /* Frameworks */,
				F3BEE8E722C12ED100286D3E /* Resources */,
			);
			buildRules = (
			);
			dependencies = (
				F3BEE8EB22C12ED100286D3E /* PBXTargetDependency */,
			);
			name = NoteUITests;
			productName = NoteUITests;
			productReference = F3BEE8E922C12ED100286D3E /* NoteUITests.xctest */;
			productType = "com.apple.product-type.bundle.ui-testing";
		};
/* End PBXNativeTarget section */

/* Begin PBXProject section */
		F3BEE8C222C12ECF00286D3E /* Project object */ = {
			isa = PBXProject;
			attributes = {
				LastSwiftUpdateCheck = 1020;
				LastUpgradeCheck = 1020;
				ORGANIZATIONNAME = "Pavel N";
				TargetAttributes = {
					F3BEE8C922C12ECF00286D3E = {
						CreatedOnToolsVersion = 10.2.1;
						SystemCapabilities = {
							com.apple.DataProtection = {
								enabled = 0;
							};
						};
					};
					F3BEE8DD22C12ED100286D3E = {
						CreatedOnToolsVersion = 10.2.1;
						TestTargetID = F3BEE8C922C12ECF00286D3E;
					};
					F3BEE8E822C12ED100286D3E = {
						CreatedOnToolsVersion = 10.2.1;
						TestTargetID = F3BEE8C922C12ECF00286D3E;
					};
				};
			};
			buildConfigurationList = F3BEE8C522C12ECF00286D3E /* Build configuration list for PBXProject "Note" */;
			compatibilityVersion = "Xcode 9.3";
			developmentRegion = en;
			hasScannedForEncodings = 0;
			knownRegions = (
				en,
				Base,
			);
			mainGroup = F3BEE8C122C12ECF00286D3E;
			productRefGroup = F3BEE8CB22C12ECF00286D3E /* Products */;
			projectDirPath = "";
			projectRoot = "";
			targets = (
				F3BEE8C922C12ECF00286D3E /* Note */,
				F3BEE8DD22C12ED100286D3E /* NoteTests */,
				F3BEE8E822C12ED100286D3E /* NoteUITests */,
			);
		};
/* End PBXProject section */

/* Begin PBXResourcesBuildPhase section */
		F3BEE8C822C12ECF00286D3E /* Resources */ = {
			isa = PBXResourcesBuildPhase;
			buildActionMask = 2147483647;
			files = (
				F3BEE8D822C12ED100286D3E /* LaunchScreen.storyboard in Resources */,
				F3BEE8D522C12ED100286D3E /* Assets.xcassets in Resources */,
				F3BEE8D322C12ECF00286D3E /* Main.storyboard in Resources */,
			);
			runOnlyForDeploymentPostprocessing = 0;
		};
		F3BEE8DC22C12ED100286D3E /* Resources */ = {
			isa = PBXResourcesBuildPhase;
			buildActionMask = 2147483647;
			files = (
			);
			runOnlyForDeploymentPostprocessing = 0;
		};
		F3BEE8E722C12ED100286D3E /* Resources */ = {
			isa = PBXResourcesBuildPhase;
			buildActionMask = 2147483647;
			files = (
			);
			runOnlyForDeploymentPostprocessing = 0;
		};
/* End PBXResourcesBuildPhase section */

/* Begin PBXShellScriptBuildPhase section */
		03414B74122E2E7F369F68B2 /* [CP] Check Pods Manifest.lock */ = {
			isa = PBXShellScriptBuildPhase;
			buildActionMask = 2147483647;
			files = (
			);
			inputFileListPaths = (
			);
			inputPaths = (
				"${PODS_PODFILE_DIR_PATH}/Podfile.lock",
				"${PODS_ROOT}/Manifest.lock",
			);
			name = "[CP] Check Pods Manifest.lock";
			outputFileListPaths = (
			);
			outputPaths = (
				"$(DERIVED_FILE_DIR)/Pods-NoteTests-checkManifestLockResult.txt",
			);
			runOnlyForDeploymentPostprocessing = 0;
			shellPath = /bin/sh;
			shellScript = "diff \"${PODS_PODFILE_DIR_PATH}/Podfile.lock\" \"${PODS_ROOT}/Manifest.lock\" > /dev/null\nif [ $? != 0 ] ; then\n    # print error to STDERR\n    echo \"error: The sandbox is not in sync with the Podfile.lock. Run 'pod install' or update your CocoaPods installation.\" >&2\n    exit 1\nfi\n# This output is used by Xcode 'outputs' to avoid re-running this script phase.\necho \"SUCCESS\" > \"${SCRIPT_OUTPUT_FILE_0}\"\n";
			showEnvVarsInLog = 0;
		};
		7D4B4B40F58B700CFBD76D40 /* [CP] Embed Pods Frameworks */ = {
			isa = PBXShellScriptBuildPhase;
			buildActionMask = 2147483647;
			files = (
			);
			inputFileListPaths = (
				"${PODS_ROOT}/Target Support Files/Pods-Note/Pods-Note-frameworks-${CONFIGURATION}-input-files.xcfilelist",
			);
			name = "[CP] Embed Pods Frameworks";
			outputFileListPaths = (
				"${PODS_ROOT}/Target Support Files/Pods-Note/Pods-Note-frameworks-${CONFIGURATION}-output-files.xcfilelist",
			);
			runOnlyForDeploymentPostprocessing = 0;
			shellPath = /bin/sh;
			shellScript = "\"${PODS_ROOT}/Target Support Files/Pods-Note/Pods-Note-frameworks.sh\"\n";
			showEnvVarsInLog = 0;
		};
		9CB919A1419AD50985514051 /* [CP] Check Pods Manifest.lock */ = {
			isa = PBXShellScriptBuildPhase;
			buildActionMask = 2147483647;
			files = (
			);
			inputFileListPaths = (
			);
			inputPaths = (
				"${PODS_PODFILE_DIR_PATH}/Podfile.lock",
				"${PODS_ROOT}/Manifest.lock",
			);
			name = "[CP] Check Pods Manifest.lock";
			outputFileListPaths = (
			);
			outputPaths = (
				"$(DERIVED_FILE_DIR)/Pods-NoteUITests-checkManifestLockResult.txt",
			);
			runOnlyForDeploymentPostprocessing = 0;
			shellPath = /bin/sh;
			shellScript = "diff \"${PODS_PODFILE_DIR_PATH}/Podfile.lock\" \"${PODS_ROOT}/Manifest.lock\" > /dev/null\nif [ $? != 0 ] ; then\n    # print error to STDERR\n    echo \"error: The sandbox is not in sync with the Podfile.lock. Run 'pod install' or update your CocoaPods installation.\" >&2\n    exit 1\nfi\n# This output is used by Xcode 'outputs' to avoid re-running this script phase.\necho \"SUCCESS\" > \"${SCRIPT_OUTPUT_FILE_0}\"\n";
			showEnvVarsInLog = 0;
		};
		D67E1B3EAFD06EFE97491E56 /* [CP] Check Pods Manifest.lock */ = {
			isa = PBXShellScriptBuildPhase;
			buildActionMask = 2147483647;
			files = (
			);
			inputFileListPaths = (
			);
			inputPaths = (
				"${PODS_PODFILE_DIR_PATH}/Podfile.lock",
				"${PODS_ROOT}/Manifest.lock",
			);
			name = "[CP] Check Pods Manifest.lock";
			outputFileListPaths = (
			);
			outputPaths = (
				"$(DERIVED_FILE_DIR)/Pods-Note-checkManifestLockResult.txt",
			);
			runOnlyForDeploymentPostprocessing = 0;
			shellPath = /bin/sh;
			shellScript = "diff \"${PODS_PODFILE_DIR_PATH}/Podfile.lock\" \"${PODS_ROOT}/Manifest.lock\" > /dev/null\nif [ $? != 0 ] ; then\n    # print error to STDERR\n    echo \"error: The sandbox is not in sync with the Podfile.lock. Run 'pod install' or update your CocoaPods installation.\" >&2\n    exit 1\nfi\n# This output is used by Xcode 'outputs' to avoid re-running this script phase.\necho \"SUCCESS\" > \"${SCRIPT_OUTPUT_FILE_0}\"\n";
			showEnvVarsInLog = 0;
		};
/* End PBXShellScriptBuildPhase section */

/* Begin PBXSourcesBuildPhase section */
		F3BEE8C622C12ECF00286D3E /* Sources */ = {
			isa = PBXSourcesBuildPhase;
			buildActionMask = 2147483647;
			files = (
				F3BEE90122C12EFC00286D3E /* FileNotebook.swift in Sources */,
				F3BEE8D022C12ECF00286D3E /* ViewController.swift in Sources */,
				F3BEE90022C12EFC00286D3E /* NoteExtensions.swift in Sources */,
				F3BEE8CE22C12ECF00286D3E /* AppDelegate.swift in Sources */,
				F3BEE8FF22C12EFC00286D3E /* Note.swift in Sources */,
			);
			runOnlyForDeploymentPostprocessing = 0;
		};
		F3BEE8DA22C12ED100286D3E /* Sources */ = {
			isa = PBXSourcesBuildPhase;
			buildActionMask = 2147483647;
			files = (
				F3BEE8E322C12ED100286D3E /* NoteTests.swift in Sources */,
			);
			runOnlyForDeploymentPostprocessing = 0;
		};
		F3BEE8E522C12ED100286D3E /* Sources */ = {
			isa = PBXSourcesBuildPhase;
			buildActionMask = 2147483647;
			files = (
				F3BEE8EE22C12ED100286D3E /* NoteUITests.swift in Sources */,
			);
			runOnlyForDeploymentPostprocessing = 0;
		};
/* End PBXSourcesBuildPhase section */

/* Begin PBXTargetDependency section */
		F3BEE8E022C12ED100286D3E /* PBXTargetDependency */ = {
			isa = PBXTargetDependency;
			target = F3BEE8C922C12ECF00286D3E /* Note */;
			targetProxy = F3BEE8DF22C12ED100286D3E /* PBXContainerItemProxy */;
		};
		F3BEE8EB22C12ED100286D3E /* PBXTargetDependency */ = {
			isa = PBXTargetDependency;
			target = F3BEE8C922C12ECF00286D3E /* Note */;
			targetProxy = F3BEE8EA22C12ED100286D3E /* PBXContainerItemProxy */;
		};
/* End PBXTargetDependency section */

/* Begin PBXVariantGroup section */
		F3BEE8D122C12ECF00286D3E /* Main.storyboard */ = {
			isa = PBXVariantGroup;
			children = (
				F3BEE8D222C12ECF00286D3E /* Base */,
			);
			name = Main.storyboard;
			sourceTree = "<group>";
		};
		F3BEE8D622C12ED100286D3E /* LaunchScreen.storyboard */ = {
			isa = PBXVariantGroup;
			children = (
				F3BEE8D722C12ED100286D3E /* Base */,
			);
			name = LaunchScreen.storyboard;
			sourceTree = "<group>";
		};
/* End PBXVariantGroup section */

/* Begin XCBuildConfiguration section */
		F3BEE8F022C12ED100286D3E /* Debug */ = {
			isa = XCBuildConfiguration;
			buildSettings = {
				ALWAYS_SEARCH_USER_PATHS = NO;
				CLANG_ANALYZER_NONNULL = YES;
				CLANG_ANALYZER_NUMBER_OBJECT_CONVERSION = YES_AGGRESSIVE;
				CLANG_CXX_LANGUAGE_STANDARD = "gnu++14";
				CLANG_CXX_LIBRARY = "libc++";
				CLANG_ENABLE_MODULES = YES;
				CLANG_ENABLE_OBJC_ARC = YES;
				CLANG_ENABLE_OBJC_WEAK = YES;
				CLANG_WARN_BLOCK_CAPTURE_AUTORELEASING = YES;
				CLANG_WARN_BOOL_CONVERSION = YES;
				CLANG_WARN_COMMA = YES;
				CLANG_WARN_CONSTANT_CONVERSION = YES;
				CLANG_WARN_DEPRECATED_OBJC_IMPLEMENTATIONS = YES;
				CLANG_WARN_DIRECT_OBJC_ISA_USAGE = YES_ERROR;
				CLANG_WARN_DOCUMENTATION_COMMENTS = YES;
				CLANG_WARN_EMPTY_BODY = YES;
				CLANG_WARN_ENUM_CONVERSION = YES;
				CLANG_WARN_INFINITE_RECURSION = YES;
				CLANG_WARN_INT_CONVERSION = YES;
				CLANG_WARN_NON_LITERAL_NULL_CONVERSION = YES;
				CLANG_WARN_OBJC_IMPLICIT_RETAIN_SELF = YES;
				CLANG_WARN_OBJC_LITERAL_CONVERSION = YES;
				CLANG_WARN_OBJC_ROOT_CLASS = YES_ERROR;
				CLANG_WARN_RANGE_LOOP_ANALYSIS = YES;
				CLANG_WARN_STRICT_PROTOTYPES = YES;
				CLANG_WARN_SUSPICIOUS_MOVE = YES;
				CLANG_WARN_UNGUARDED_AVAILABILITY = YES_AGGRESSIVE;
				CLANG_WARN_UNREACHABLE_CODE = YES;
				CLANG_WARN__DUPLICATE_METHOD_MATCH = YES;
				CODE_SIGN_IDENTITY = "iPhone Developer";
				COPY_PHASE_STRIP = NO;
				DEBUG_INFORMATION_FORMAT = dwarf;
				ENABLE_STRICT_OBJC_MSGSEND = YES;
				ENABLE_TESTABILITY = YES;
				GCC_C_LANGUAGE_STANDARD = gnu11;
				GCC_DYNAMIC_NO_PIC = NO;
				GCC_NO_COMMON_BLOCKS = YES;
				GCC_OPTIMIZATION_LEVEL = 0;
				GCC_PREPROCESSOR_DEFINITIONS = (
					"DEBUG=1",
					"$(inherited)",
				);
				GCC_WARN_64_TO_32_BIT_CONVERSION = YES;
				GCC_WARN_ABOUT_RETURN_TYPE = YES_ERROR;
				GCC_WARN_UNDECLARED_SELECTOR = YES;
				GCC_WARN_UNINITIALIZED_AUTOS = YES_AGGRESSIVE;
				GCC_WARN_UNUSED_FUNCTION = YES;
				GCC_WARN_UNUSED_VARIABLE = YES;
				IPHONEOS_DEPLOYMENT_TARGET = 12.2;
				MTL_ENABLE_DEBUG_INFO = INCLUDE_SOURCE;
				MTL_FAST_MATH = YES;
				ONLY_ACTIVE_ARCH = YES;
				SDKROOT = iphoneos;
				SWIFT_ACTIVE_COMPILATION_CONDITIONS = DEBUG;
				SWIFT_OPTIMIZATION_LEVEL = "-Onone";
			};
			name = Debug;
		};
		F3BEE8F122C12ED100286D3E /* Release */ = {
			isa = XCBuildConfiguration;
			buildSettings = {
				ALWAYS_SEARCH_USER_PATHS = NO;
				CLANG_ANALYZER_NONNULL = YES;
				CLANG_ANALYZER_NUMBER_OBJECT_CONVERSION = YES_AGGRESSIVE;
				CLANG_CXX_LANGUAGE_STANDARD = "gnu++14";
				CLANG_CXX_LIBRARY = "libc++";
				CLANG_ENABLE_MODULES = YES;
				CLANG_ENABLE_OBJC_ARC = YES;
				CLANG_ENABLE_OBJC_WEAK = YES;
				CLANG_WARN_BLOCK_CAPTURE_AUTORELEASING = YES;
				CLANG_WARN_BOOL_CONVERSION = YES;
				CLANG_WARN_COMMA = YES;
				CLANG_WARN_CONSTANT_CONVERSION = YES;
				CLANG_WARN_DEPRECATED_OBJC_IMPLEMENTATIONS = YES;
				CLANG_WARN_DIRECT_OBJC_ISA_USAGE = YES_ERROR;
				CLANG_WARN_DOCUMENTATION_COMMENTS = YES;
				CLANG_WARN_EMPTY_BODY = YES;
				CLANG_WARN_ENUM_CONVERSION = YES;
				CLANG_WARN_INFINITE_RECURSION = YES;
				CLANG_WARN_INT_CONVERSION = YES;
				CLANG_WARN_NON_LITERAL_NULL_CONVERSION = YES;
				CLANG_WARN_OBJC_IMPLICIT_RETAIN_SELF = YES;
				CLANG_WARN_OBJC_LITERAL_CONVERSION = YES;
				CLANG_WARN_OBJC_ROOT_CLASS = YES_ERROR;
				CLANG_WARN_RANGE_LOOP_ANALYSIS = YES;
				CLANG_WARN_STRICT_PROTOTYPES = YES;
				CLANG_WARN_SUSPICIOUS_MOVE = YES;
				CLANG_WARN_UNGUARDED_AVAILABILITY = YES_AGGRESSIVE;
				CLANG_WARN_UNREACHABLE_CODE = YES;
				CLANG_WARN__DUPLICATE_METHOD_MATCH = YES;
				CODE_SIGN_IDENTITY = "iPhone Developer";
				COPY_PHASE_STRIP = NO;
				DEBUG_INFORMATION_FORMAT = "dwarf-with-dsym";
				ENABLE_NS_ASSERTIONS = NO;
				ENABLE_STRICT_OBJC_MSGSEND = YES;
				GCC_C_LANGUAGE_STANDARD = gnu11;
				GCC_NO_COMMON_BLOCKS = YES;
				GCC_WARN_64_TO_32_BIT_CONVERSION = YES;
				GCC_WARN_ABOUT_RETURN_TYPE = YES_ERROR;
				GCC_WARN_UNDECLARED_SELECTOR = YES;
				GCC_WARN_UNINITIALIZED_AUTOS = YES_AGGRESSIVE;
				GCC_WARN_UNUSED_FUNCTION = YES;
				GCC_WARN_UNUSED_VARIABLE = YES;
				IPHONEOS_DEPLOYMENT_TARGET = 12.2;
				MTL_ENABLE_DEBUG_INFO = NO;
				MTL_FAST_MATH = YES;
				SDKROOT = iphoneos;
				SWIFT_COMPILATION_MODE = wholemodule;
				SWIFT_OPTIMIZATION_LEVEL = "-O";
				VALIDATE_PRODUCT = YES;
			};
			name = Release;
		};
		F3BEE8F322C12ED100286D3E /* Debug */ = {
			isa = XCBuildConfiguration;
			baseConfigurationReference = E25ED3EA8964A9ED415A00CE /* Pods-Note.debug.xcconfig */;
			buildSettings = {
				ASSETCATALOG_COMPILER_APPICON_NAME = AppIcon;
				CODE_SIGN_STYLE = Automatic;
				DEVELOPMENT_TEAM = 8C82H4XZR6;
				INFOPLIST_FILE = Note/Info.plist;
				LD_RUNPATH_SEARCH_PATHS = (
					"$(inherited)",
					"@executable_path/Frameworks",
				);
				PRODUCT_BUNDLE_IDENTIFIER = P.Note;
				PRODUCT_NAME = "$(TARGET_NAME)";
				SWIFT_VERSION = 5.0;
				TARGETED_DEVICE_FAMILY = "1,2";
			};
			name = Debug;
		};
		F3BEE8F422C12ED100286D3E /* Release */ = {
			isa = XCBuildConfiguration;
			baseConfigurationReference = CD6FAA36C521DC5DB0414EF8 /* Pods-Note.release.xcconfig */;
			buildSettings = {
				ASSETCATALOG_COMPILER_APPICON_NAME = AppIcon;
				CODE_SIGN_STYLE = Automatic;
				DEVELOPMENT_TEAM = 8C82H4XZR6;
				INFOPLIST_FILE = Note/Info.plist;
				LD_RUNPATH_SEARCH_PATHS = (
					"$(inherited)",
					"@executable_path/Frameworks",
				);
				PRODUCT_BUNDLE_IDENTIFIER = P.Note;
				PRODUCT_NAME = "$(TARGET_NAME)";
				SWIFT_VERSION = 5.0;
				TARGETED_DEVICE_FAMILY = "1,2";
			};
			name = Release;
		};
		F3BEE8F622C12ED100286D3E /* Debug */ = {
			isa = XCBuildConfiguration;
			baseConfigurationReference = 40AF1E4DCE3EC4327C44224C /* Pods-NoteTests.debug.xcconfig */;
			buildSettings = {
				ALWAYS_EMBED_SWIFT_STANDARD_LIBRARIES = YES;
				BUNDLE_LOADER = "$(TEST_HOST)";
				CODE_SIGN_STYLE = Automatic;
				DEVELOPMENT_TEAM = 8C82H4XZR6;
				INFOPLIST_FILE = NoteTests/Info.plist;
				LD_RUNPATH_SEARCH_PATHS = (
					"$(inherited)",
					"@executable_path/Frameworks",
					"@loader_path/Frameworks",
				);
				PRODUCT_BUNDLE_IDENTIFIER = P.NoteTests;
				PRODUCT_NAME = "$(TARGET_NAME)";
				SWIFT_VERSION = 5.0;
				TARGETED_DEVICE_FAMILY = "1,2";
				TEST_HOST = "$(BUILT_PRODUCTS_DIR)/Note.app/Note";
			};
			name = Debug;
		};
		F3BEE8F722C12ED100286D3E /* Release */ = {
			isa = XCBuildConfiguration;
			baseConfigurationReference = 9660C3FCA4B4046D4B1B4017 /* Pods-NoteTests.release.xcconfig */;
			buildSettings = {
				ALWAYS_EMBED_SWIFT_STANDARD_LIBRARIES = YES;
				BUNDLE_LOADER = "$(TEST_HOST)";
				CODE_SIGN_STYLE = Automatic;
				DEVELOPMENT_TEAM = 8C82H4XZR6;
				INFOPLIST_FILE = NoteTests/Info.plist;
				LD_RUNPATH_SEARCH_PATHS = (
					"$(inherited)",
					"@executable_path/Frameworks",
					"@loader_path/Frameworks",
				);
				PRODUCT_BUNDLE_IDENTIFIER = P.NoteTests;
				PRODUCT_NAME = "$(TARGET_NAME)";
				SWIFT_VERSION = 5.0;
				TARGETED_DEVICE_FAMILY = "1,2";
				TEST_HOST = "$(BUILT_PRODUCTS_DIR)/Note.app/Note";
			};
			name = Release;
		};
		F3BEE8F922C12ED100286D3E /* Debug */ = {
			isa = XCBuildConfiguration;
			baseConfigurationReference = DDA1FE7F89CED5C0BA3B5D2C /* Pods-NoteUITests.debug.xcconfig */;
			buildSettings = {
				ALWAYS_EMBED_SWIFT_STANDARD_LIBRARIES = YES;
				CODE_SIGN_STYLE = Automatic;
				DEVELOPMENT_TEAM = 8C82H4XZR6;
				INFOPLIST_FILE = NoteUITests/Info.plist;
				LD_RUNPATH_SEARCH_PATHS = (
					"$(inherited)",
					"@executable_path/Frameworks",
					"@loader_path/Frameworks",
				);
				PRODUCT_BUNDLE_IDENTIFIER = P.NoteUITests;
				PRODUCT_NAME = "$(TARGET_NAME)";
				SWIFT_VERSION = 5.0;
				TARGETED_DEVICE_FAMILY = "1,2";
				TEST_TARGET_NAME = Note;
			};
			name = Debug;
		};
		F3BEE8FA22C12ED100286D3E /* Release */ = {
			isa = XCBuildConfiguration;
			baseConfigurationReference = B325F9EA4858D82FB25285F7 /* Pods-NoteUITests.release.xcconfig */;
			buildSettings = {
				ALWAYS_EMBED_SWIFT_STANDARD_LIBRARIES = YES;
				CODE_SIGN_STYLE = Automatic;
				DEVELOPMENT_TEAM = 8C82H4XZR6;
				INFOPLIST_FILE = NoteUITests/Info.plist;
				LD_RUNPATH_SEARCH_PATHS = (
					"$(inherited)",
					"@executable_path/Frameworks",
					"@loader_path/Frameworks",
				);
				PRODUCT_BUNDLE_IDENTIFIER = P.NoteUITests;
				PRODUCT_NAME = "$(TARGET_NAME)";
				SWIFT_VERSION = 5.0;
				TARGETED_DEVICE_FAMILY = "1,2";
				TEST_TARGET_NAME = Note;
			};
			name = Release;
		};
/* End XCBuildConfiguration section */

/* Begin XCConfigurationList section */
		F3BEE8C522C12ECF00286D3E /* Build configuration list for PBXProject "Note" */ = {
			isa = XCConfigurationList;
			buildConfigurations = (
				F3BEE8F022C12ED100286D3E /* Debug */,
				F3BEE8F122C12ED100286D3E /* Release */,
			);
			defaultConfigurationIsVisible = 0;
			defaultConfigurationName = Release;
		};
		F3BEE8F222C12ED100286D3E /* Build configuration list for PBXNativeTarget "Note" */ = {
			isa = XCConfigurationList;
			buildConfigurations = (
				F3BEE8F322C12ED100286D3E /* Debug */,
				F3BEE8F422C12ED100286D3E /* Release */,
			);
			defaultConfigurationIsVisible = 0;
			defaultConfigurationName = Release;
		};
		F3BEE8F522C12ED100286D3E /* Build configuration list for PBXNativeTarget "NoteTests" */ = {
			isa = XCConfigurationList;
			buildConfigurations = (
				F3BEE8F622C12ED100286D3E /* Debug */,
				F3BEE8F722C12ED100286D3E /* Release */,
			);
			defaultConfigurationIsVisible = 0;
			defaultConfigurationName = Release;
		};
		F3BEE8F822C12ED100286D3E /* Build configuration list for PBXNativeTarget "NoteUITests" */ = {
			isa = XCConfigurationList;
			buildConfigurations = (
				F3BEE8F922C12ED100286D3E /* Debug */,
				F3BEE8FA22C12ED100286D3E /* Release */,
			);
			defaultConfigurationIsVisible = 0;
			defaultConfigurationName = Release;
		};
/* End XCConfigurationList section */
	};
	rootObject = F3BEE8C222C12ECF00286D3E /* Project object */;
}
