// !$*UTF8*$!
{
	archiveVersion = 1;
	classes = {
	};
	objectVersion = 50;
	objects = {

/* Begin PBXBuildFile section */
		F3C90F0E22BED13400E88EB0 /* AppDelegate.swift in Sources */ = {isa = PBXBuildFile; fileRef = F3C90F0D22BED13400E88EB0 /* AppDelegate.swift */; };
		F3C90F1022BED13400E88EB0 /* ViewController.swift in Sources */ = {isa = PBXBuildFile; fileRef = F3C90F0F22BED13400E88EB0 /* ViewController.swift */; };
		F3C90F1322BED13400E88EB0 /* Main.storyboard in Resources */ = {isa = PBXBuildFile; fileRef = F3C90F1122BED13400E88EB0 /* Main.storyboard */; };
		F3C90F1522BED13700E88EB0 /* Assets.xcassets in Resources */ = {isa = PBXBuildFile; fileRef = F3C90F1422BED13700E88EB0 /* Assets.xcassets */; };
		F3C90F1822BED13700E88EB0 /* LaunchScreen.storyboard in Resources */ = {isa = PBXBuildFile; fileRef = F3C90F1622BED13700E88EB0 /* LaunchScreen.storyboard */; };
		F3C90F2122BED16500E88EB0 /* NoteExtensions.swift in Sources */ = {isa = PBXBuildFile; fileRef = F3C90F1F22BED16500E88EB0 /* NoteExtensions.swift */; };
		F3C90F2222BED16500E88EB0 /* Note.swift in Sources */ = {isa = PBXBuildFile; fileRef = F3C90F2022BED16500E88EB0 /* Note.swift */; };
		F3C90F2422BED18D00E88EB0 /* FileNotebook.swift in Sources */ = {isa = PBXBuildFile; fileRef = F3C90F2322BED18D00E88EB0 /* FileNotebook.swift */; };
/* End PBXBuildFile section */

/* Begin PBXFileReference section */
		F3C90F0A22BED13400E88EB0 /* Note.app */ = {isa = PBXFileReference; explicitFileType = wrapper.application; includeInIndex = 0; path = Note.app; sourceTree = BUILT_PRODUCTS_DIR; };
		F3C90F0D22BED13400E88EB0 /* AppDelegate.swift */ = {isa = PBXFileReference; lastKnownFileType = sourcecode.swift; path = AppDelegate.swift; sourceTree = "<group>"; };
		F3C90F0F22BED13400E88EB0 /* ViewController.swift */ = {isa = PBXFileReference; lastKnownFileType = sourcecode.swift; path = ViewController.swift; sourceTree = "<group>"; };
		F3C90F1222BED13400E88EB0 /* Base */ = {isa = PBXFileReference; lastKnownFileType = file.storyboard; name = Base; path = Base.lproj/Main.storyboard; sourceTree = "<group>"; };
		F3C90F1422BED13700E88EB0 /* Assets.xcassets */ = {isa = PBXFileReference; lastKnownFileType = folder.assetcatalog; path = Assets.xcassets; sourceTree = "<group>"; };
		F3C90F1722BED13700E88EB0 /* Base */ = {isa = PBXFileReference; lastKnownFileType = file.storyboard; name = Base; path = Base.lproj/LaunchScreen.storyboard; sourceTree = "<group>"; };
		F3C90F1922BED13700E88EB0 /* Info.plist */ = {isa = PBXFileReference; lastKnownFileType = text.plist.xml; path = Info.plist; sourceTree = "<group>"; };
		F3C90F1F22BED16500E88EB0 /* NoteExtensions.swift */ = {isa = PBXFileReference; fileEncoding = 4; lastKnownFileType = sourcecode.swift; path = NoteExtensions.swift; sourceTree = "<group>"; };
		F3C90F2022BED16500E88EB0 /* Note.swift */ = {isa = PBXFileReference; fileEncoding = 4; lastKnownFileType = sourcecode.swift; path = Note.swift; sourceTree = "<group>"; };
		F3C90F2322BED18D00E88EB0 /* FileNotebook.swift */ = {isa = PBXFileReference; lastKnownFileType = sourcecode.swift; path = FileNotebook.swift; sourceTree = "<group>"; };
/* End PBXFileReference section */

/* Begin PBXFrameworksBuildPhase section */
		F3C90F0722BED13400E88EB0 /* Frameworks */ = {
			isa = PBXFrameworksBuildPhase;
			buildActionMask = 2147483647;
			files = (
			);
			runOnlyForDeploymentPostprocessing = 0;
		};
/* End PBXFrameworksBuildPhase section */

/* Begin PBXGroup section */
		F3A20C6B22C0D4BB00106F20 /* Models */ = {
			isa = PBXGroup;
			children = (
				F3C90F2322BED18D00E88EB0 /* FileNotebook.swift */,
				F3C90F1F22BED16500E88EB0 /* NoteExtensions.swift */,
				F3C90F2022BED16500E88EB0 /* Note.swift */,
			);
			path = Models;
			sourceTree = "<group>";
		};
		F3C90F0122BED13400E88EB0 = {
			isa = PBXGroup;
			children = (
				F3C90F0C22BED13400E88EB0 /* Note */,
				F3C90F0B22BED13400E88EB0 /* Products */,
			);
			sourceTree = "<group>";
		};
		F3C90F0B22BED13400E88EB0 /* Products */ = {
			isa = PBXGroup;
			children = (
				F3C90F0A22BED13400E88EB0 /* Note.app */,
			);
			name = Products;
			sourceTree = "<group>";
		};
		F3C90F0C22BED13400E88EB0 /* Note */ = {
			isa = PBXGroup;
			children = (
				F3A20C6B22C0D4BB00106F20 /* Models */,
				F3C90F0D22BED13400E88EB0 /* AppDelegate.swift */,
				F3C90F0F22BED13400E88EB0 /* ViewController.swift */,
				F3C90F1122BED13400E88EB0 /* Main.storyboard */,
				F3C90F1422BED13700E88EB0 /* Assets.xcassets */,
				F3C90F1622BED13700E88EB0 /* LaunchScreen.storyboard */,
				F3C90F1922BED13700E88EB0 /* Info.plist */,
			);
			path = Note;
			sourceTree = "<group>";
		};
/* End PBXGroup section */

/* Begin PBXNativeTarget section */
		F3C90F0922BED13400E88EB0 /* Note */ = {
			isa = PBXNativeTarget;
			buildConfigurationList = F3C90F1C22BED13700E88EB0 /* Build configuration list for PBXNativeTarget "Note" */;
			buildPhases = (
				F3C90F0622BED13400E88EB0 /* Sources */,
				F3C90F0722BED13400E88EB0 /* Frameworks */,
				F3C90F0822BED13400E88EB0 /* Resources */,
			);
			buildRules = (
			);
			dependencies = (
			);
			name = Note;
			productName = Note;
			productReference = F3C90F0A22BED13400E88EB0 /* Note.app */;
			productType = "com.apple.product-type.application";
		};
/* End PBXNativeTarget section */

/* Begin PBXProject section */
		F3C90F0222BED13400E88EB0 /* Project object */ = {
			isa = PBXProject;
			attributes = {
				LastSwiftUpdateCheck = 1020;
				LastUpgradeCheck = 1020;
				ORGANIZATIONNAME = "Pavel N";
				TargetAttributes = {
					F3C90F0922BED13400E88EB0 = {
						CreatedOnToolsVersion = 10.2.1;
					};
				};
			};
			buildConfigurationList = F3C90F0522BED13400E88EB0 /* Build configuration list for PBXProject "Note" */;
			compatibilityVersion = "Xcode 9.3";
			developmentRegion = en;
			hasScannedForEncodings = 0;
			knownRegions = (
				en,
				Base,
			);
			mainGroup = F3C90F0122BED13400E88EB0;
			productRefGroup = F3C90F0B22BED13400E88EB0 /* Products */;
			projectDirPath = "";
			projectRoot = "";
			targets = (
				F3C90F0922BED13400E88EB0 /* Note */,
			);
		};
/* End PBXProject section */

/* Begin PBXResourcesBuildPhase section */
		F3C90F0822BED13400E88EB0 /* Resources */ = {
			isa = PBXResourcesBuildPhase;
			buildActionMask = 2147483647;
			files = (
				F3C90F1822BED13700E88EB0 /* LaunchScreen.storyboard in Resources */,
				F3C90F1522BED13700E88EB0 /* Assets.xcassets in Resources */,
				F3C90F1322BED13400E88EB0 /* Main.storyboard in Resources */,
			);
			runOnlyForDeploymentPostprocessing = 0;
		};
/* End PBXResourcesBuildPhase section */

/* Begin PBXSourcesBuildPhase section */
		F3C90F0622BED13400E88EB0 /* Sources */ = {
			isa = PBXSourcesBuildPhase;
			buildActionMask = 2147483647;
			files = (
				F3C90F2422BED18D00E88EB0 /* FileNotebook.swift in Sources */,
				F3C90F1022BED13400E88EB0 /* ViewController.swift in Sources */,
				F3C90F0E22BED13400E88EB0 /* AppDelegate.swift in Sources */,
				F3C90F2122BED16500E88EB0 /* NoteExtensions.swift in Sources */,
				F3C90F2222BED16500E88EB0 /* Note.swift in Sources */,
			);
			runOnlyForDeploymentPostprocessing = 0;
		};
/* End PBXSourcesBuildPhase section */

/* Begin PBXVariantGroup section */
		F3C90F1122BED13400E88EB0 /* Main.storyboard */ = {
			isa = PBXVariantGroup;
			children = (
				F3C90F1222BED13400E88EB0 /* Base */,
			);
			name = Main.storyboard;
			sourceTree = "<group>";
		};
		F3C90F1622BED13700E88EB0 /* LaunchScreen.storyboard */ = {
			isa = PBXVariantGroup;
			children = (
				F3C90F1722BED13700E88EB0 /* Base */,
			);
			name = LaunchScreen.storyboard;
			sourceTree = "<group>";
		};
/* End PBXVariantGroup section */

/* Begin XCBuildConfiguration section */
		F3C90F1A22BED13700E88EB0 /* Debug */ = {
			isa = XCBuildConfiguration;
			buildSettings = {
				ALWAYS_SEARCH_USER_PATHS = NO;
				CLANG_ANALYZER_NONNULL = YES;
				CLANG_ANALYZER_NUMBER_OBJECT_CONVERSION = YES_AGGRESSIVE;
				CLANG_CXX_LANGUAGE_STANDARD = "gnu++14";
				CLANG_CXX_LIBRARY = "libc++";
				CLANG_ENABLE_MODULES = YES;
				CLANG_ENABLE_OBJC_ARC = YES;
				CLANG_ENABLE_OBJC_WEAK = YES;
				CLANG_WARN_BLOCK_CAPTURE_AUTORELEASING = YES;
				CLANG_WARN_BOOL_CONVERSION = YES;
				CLANG_WARN_COMMA = YES;
				CLANG_WARN_CONSTANT_CONVERSION = YES;
				CLANG_WARN_DEPRECATED_OBJC_IMPLEMENTATIONS = YES;
				CLANG_WARN_DIRECT_OBJC_ISA_USAGE = YES_ERROR;
				CLANG_WARN_DOCUMENTATION_COMMENTS = YES;
				CLANG_WARN_EMPTY_BODY = YES;
				CLANG_WARN_ENUM_CONVERSION = YES;
				CLANG_WARN_INFINITE_RECURSION = YES;
				CLANG_WARN_INT_CONVERSION = YES;
				CLANG_WARN_NON_LITERAL_NULL_CONVERSION = YES;
				CLANG_WARN_OBJC_IMPLICIT_RETAIN_SELF = YES;
				CLANG_WARN_OBJC_LITERAL_CONVERSION = YES;
				CLANG_WARN_OBJC_ROOT_CLASS = YES_ERROR;
				CLANG_WARN_RANGE_LOOP_ANALYSIS = YES;
				CLANG_WARN_STRICT_PROTOTYPES = YES;
				CLANG_WARN_SUSPICIOUS_MOVE = YES;
				CLANG_WARN_UNGUARDED_AVAILABILITY = YES_AGGRESSIVE;
				CLANG_WARN_UNREACHABLE_CODE = YES;
				CLANG_WARN__DUPLICATE_METHOD_MATCH = YES;
				CODE_SIGN_IDENTITY = "iPhone Developer";
				COPY_PHASE_STRIP = NO;
				DEBUG_INFORMATION_FORMAT = dwarf;
				ENABLE_STRICT_OBJC_MSGSEND = YES;
				ENABLE_TESTABILITY = YES;
				GCC_C_LANGUAGE_STANDARD = gnu11;
				GCC_DYNAMIC_NO_PIC = NO;
				GCC_NO_COMMON_BLOCKS = YES;
				GCC_OPTIMIZATION_LEVEL = 0;
				GCC_PREPROCESSOR_DEFINITIONS = (
					"DEBUG=1",
					"$(inherited)",
				);
				GCC_WARN_64_TO_32_BIT_CONVERSION = YES;
				GCC_WARN_ABOUT_RETURN_TYPE = YES_ERROR;
				GCC_WARN_UNDECLARED_SELECTOR = YES;
				GCC_WARN_UNINITIALIZED_AUTOS = YES_AGGRESSIVE;
				GCC_WARN_UNUSED_FUNCTION = YES;
				GCC_WARN_UNUSED_VARIABLE = YES;
				IPHONEOS_DEPLOYMENT_TARGET = 12.2;
				MTL_ENABLE_DEBUG_INFO = INCLUDE_SOURCE;
				MTL_FAST_MATH = YES;
				ONLY_ACTIVE_ARCH = YES;
				SDKROOT = iphoneos;
				SWIFT_ACTIVE_COMPILATION_CONDITIONS = DEBUG;
				SWIFT_OPTIMIZATION_LEVEL = "-Onone";
			};
			name = Debug;
		};
		F3C90F1B22BED13700E88EB0 /* Release */ = {
			isa = XCBuildConfiguration;
			buildSettings = {
				ALWAYS_SEARCH_USER_PATHS = NO;
				CLANG_ANALYZER_NONNULL = YES;
				CLANG_ANALYZER_NUMBER_OBJECT_CONVERSION = YES_AGGRESSIVE;
				CLANG_CXX_LANGUAGE_STANDARD = "gnu++14";
				CLANG_CXX_LIBRARY = "libc++";
				CLANG_ENABLE_MODULES = YES;
				CLANG_ENABLE_OBJC_ARC = YES;
				CLANG_ENABLE_OBJC_WEAK = YES;
				CLANG_WARN_BLOCK_CAPTURE_AUTORELEASING = YES;
				CLANG_WARN_BOOL_CONVERSION = YES;
				CLANG_WARN_COMMA = YES;
				CLANG_WARN_CONSTANT_CONVERSION = YES;
				CLANG_WARN_DEPRECATED_OBJC_IMPLEMENTATIONS = YES;
				CLANG_WARN_DIRECT_OBJC_ISA_USAGE = YES_ERROR;
				CLANG_WARN_DOCUMENTATION_COMMENTS = YES;
				CLANG_WARN_EMPTY_BODY = YES;
				CLANG_WARN_ENUM_CONVERSION = YES;
				CLANG_WARN_INFINITE_RECURSION = YES;
				CLANG_WARN_INT_CONVERSION = YES;
				CLANG_WARN_NON_LITERAL_NULL_CONVERSION = YES;
				CLANG_WARN_OBJC_IMPLICIT_RETAIN_SELF = YES;
				CLANG_WARN_OBJC_LITERAL_CONVERSION = YES;
				CLANG_WARN_OBJC_ROOT_CLASS = YES_ERROR;
				CLANG_WARN_RANGE_LOOP_ANALYSIS = YES;
				CLANG_WARN_STRICT_PROTOTYPES = YES;
				CLANG_WARN_SUSPICIOUS_MOVE = YES;
				CLANG_WARN_UNGUARDED_AVAILABILITY = YES_AGGRESSIVE;
				CLANG_WARN_UNREACHABLE_CODE = YES;
				CLANG_WARN__DUPLICATE_METHOD_MATCH = YES;
				CODE_SIGN_IDENTITY = "iPhone Developer";
				COPY_PHASE_STRIP = NO;
				DEBUG_INFORMATION_FORMAT = "dwarf-with-dsym";
				ENABLE_NS_ASSERTIONS = NO;
				ENABLE_STRICT_OBJC_MSGSEND = YES;
				GCC_C_LANGUAGE_STANDARD = gnu11;
				GCC_NO_COMMON_BLOCKS = YES;
				GCC_WARN_64_TO_32_BIT_CONVERSION = YES;
				GCC_WARN_ABOUT_RETURN_TYPE = YES_ERROR;
				GCC_WARN_UNDECLARED_SELECTOR = YES;
				GCC_WARN_UNINITIALIZED_AUTOS = YES_AGGRESSIVE;
				GCC_WARN_UNUSED_FUNCTION = YES;
				GCC_WARN_UNUSED_VARIABLE = YES;
				IPHONEOS_DEPLOYMENT_TARGET = 12.2;
				MTL_ENABLE_DEBUG_INFO = NO;
				MTL_FAST_MATH = YES;
				SDKROOT = iphoneos;
				SWIFT_COMPILATION_MODE = wholemodule;
				SWIFT_OPTIMIZATION_LEVEL = "-O";
				VALIDATE_PRODUCT = YES;
			};
			name = Release;
		};
		F3C90F1D22BED13700E88EB0 /* Debug */ = {
			isa = XCBuildConfiguration;
			buildSettings = {
				ASSETCATALOG_COMPILER_APPICON_NAME = AppIcon;
				CODE_SIGN_STYLE = Automatic;
				DEVELOPMENT_TEAM = 8C82H4XZR6;
				INFOPLIST_FILE = Note/Info.plist;
				LD_RUNPATH_SEARCH_PATHS = (
					"$(inherited)",
					"@executable_path/Frameworks",
				);
				PRODUCT_BUNDLE_IDENTIFIER = P.Note;
				PRODUCT_NAME = "$(TARGET_NAME)";
				SWIFT_VERSION = 5.0;
				TARGETED_DEVICE_FAMILY = "1,2";
			};
			name = Debug;
		};
		F3C90F1E22BED13700E88EB0 /* Release */ = {
			isa = XCBuildConfiguration;
			buildSettings = {
				ASSETCATALOG_COMPILER_APPICON_NAME = AppIcon;
				CODE_SIGN_STYLE = Automatic;
				DEVELOPMENT_TEAM = 8C82H4XZR6;
				INFOPLIST_FILE = Note/Info.plist;
				LD_RUNPATH_SEARCH_PATHS = (
					"$(inherited)",
					"@executable_path/Frameworks",
				);
				PRODUCT_BUNDLE_IDENTIFIER = P.Note;
				PRODUCT_NAME = "$(TARGET_NAME)";
				SWIFT_VERSION = 5.0;
				TARGETED_DEVICE_FAMILY = "1,2";
			};
			name = Release;
		};
/* End XCBuildConfiguration section */

/* Begin XCConfigurationList section */
		F3C90F0522BED13400E88EB0 /* Build configuration list for PBXProject "Note" */ = {
			isa = XCConfigurationList;
			buildConfigurations = (
				F3C90F1A22BED13700E88EB0 /* Debug */,
				F3C90F1B22BED13700E88EB0 /* Release */,
			);
			defaultConfigurationIsVisible = 0;
			defaultConfigurationName = Release;
		};
		F3C90F1C22BED13700E88EB0 /* Build configuration list for PBXNativeTarget "Note" */ = {
			isa = XCConfigurationList;
			buildConfigurations = (
				F3C90F1D22BED13700E88EB0 /* Debug */,
				F3C90F1E22BED13700E88EB0 /* Release */,
			);
			defaultConfigurationIsVisible = 0;
			defaultConfigurationName = Release;
		};
/* End XCConfigurationList section */
	};
	rootObject = F3C90F0222BED13400E88EB0 /* Project object */;
}
